# This file is generated by running "yarn install" inside your project.
# Manual changes might be lost - proceed with caution!

__metadata:
  version: 8
  cacheKey: 10c0

"@omegion1npm/ab-consequuntur-illum-architecto@npm:^1.0.0":
  version: 1.0.0
  resolution: "@omegion1npm/ab-consequuntur-illum-architecto@npm:1.0.0"
  dependencies:
    "@omegion1npm/eligendi-harum-porro-numquam": "npm:^1.0.0"
    "@omegion1npm/eveniet-temporibus-dignissimos-temporibus": "npm:^1.0.0"
    "@omegion1npm/facere-ullam-excepturi-facilis": "npm:^1.0.0"
    "@zibuthe7j11/rem-minus-hic-ducimus": "npm:^1.0.0"
  checksum: 10c0/955d749e01242d70c3ff25752378b204677d55c23db0536d92afc5ef40a50eb2167295eaee2cf2fb9f86e5bfb88d1e0bd36e59abb8e9cdf9c8a0675e51fa6f8e
  languageName: node
  linkType: hard

"@omegion1npm/consequatur-vitae-aperiam-sed@npm:^1.0.0":
  version: 1.0.0
  resolution: "@omegion1npm/consequatur-vitae-aperiam-sed@npm:1.0.0"
  dependencies:
    "@omegion1npm/ab-consequuntur-illum-architecto": "npm:^1.0.0"
    "@omegion1npm/delectus-fuga-libero-facere": "npm:^1.0.0"
    "@omegion1npm/distinctio-dignissimos-consequatur-occaecati": "npm:^1.0.0"
    "@omegion1npm/eligendi-harum-porro-numquam": "npm:^1.0.0"
    "@omegion1npm/eum-minus-vero-suscipit": "npm:^1.0.0"
    "@omegion1npm/eveniet-temporibus-dignissimos-temporibus": "npm:^1.0.0"
    "@omegion1npm/explicabo-laborum-asperiores-culpa": "npm:^1.0.0"
    "@omegion1npm/facere-ullam-excepturi-facilis": "npm:^1.0.0"
    "@omegion1npm/harum-laudantium-doloribus-doloremque": "npm:^1.0.0"
    "@omegion1npm/id-officiis-expedita-tempora": "npm:^1.0.0"
    "@omegion1npm/in-nesciunt-sapiente-praesentium": "npm:^1.0.0"
    "@omegion1npm/inventore-quibusdam-impedit-nulla": "npm:^1.0.0"
    "@omegion1npm/itaque-distinctio-eligendi-earum": "npm:^1.0.0"
    "@omegion1npm/nemo-tempore-cum-voluptas": "npm:^1.0.0"
    "@omegion1npm/neque-quasi-nihil-alias": "npm:^1.0.0"
    "@omegion1npm/odit-enim-cum-aliquid": "npm:^1.0.0"
    "@omegion1npm/repudiandae-cupiditate-quibusdam-quis": "npm:^1.0.0"
  checksum: 10c0/612b5da4ee51545c51a406913c37e20eb85e70105d0923dfda6a7b89307926bb0180dec104920f40451c6816a4cf15913bd43148320574189bb5ebff4326f9d2
  languageName: node
  linkType: hard

"@omegion1npm/delectus-fuga-libero-facere@npm:^1.0.0":
  version: 1.0.0
  resolution: "@omegion1npm/delectus-fuga-libero-facere@npm:1.0.0"
  dependencies:
    "@omegion1npm/ab-consequuntur-illum-architecto": "npm:^1.0.0"
    "@omegion1npm/eligendi-harum-porro-numquam": "npm:^1.0.0"
    "@omegion1npm/eveniet-temporibus-dignissimos-temporibus": "npm:^1.0.0"
    "@omegion1npm/facere-ullam-excepturi-facilis": "npm:^1.0.0"
    "@omegion1npm/nemo-tempore-cum-voluptas": "npm:^1.0.0"
    "@omegion1npm/odit-enim-cum-aliquid": "npm:^1.0.0"
    "@omegion1npm/repudiandae-cupiditate-quibusdam-quis": "npm:^1.0.0"
  checksum: 10c0/76100eb1b9e67e3cf23416cb4d887c146541296d61f90512ab43ea15d27bace611a122777ca017d1b9f7eb73edae9b881f71e4bbac12ca7271e9b6989e7e22b8
  languageName: node
  linkType: hard

"@omegion1npm/distinctio-dignissimos-consequatur-occaecati@npm:^1.0.0":
  version: 1.0.0
  resolution: "@omegion1npm/distinctio-dignissimos-consequatur-occaecati@npm:1.0.0"
  dependencies:
    "@omegion1npm/ab-consequuntur-illum-architecto": "npm:^1.0.0"
    "@omegion1npm/delectus-fuga-libero-facere": "npm:^1.0.0"
    "@omegion1npm/eligendi-harum-porro-numquam": "npm:^1.0.0"
    "@omegion1npm/eum-minus-vero-suscipit": "npm:^1.0.0"
    "@omegion1npm/eveniet-temporibus-dignissimos-temporibus": "npm:^1.0.0"
    "@omegion1npm/explicabo-laborum-asperiores-culpa": "npm:^1.0.0"
    "@omegion1npm/facere-ullam-excepturi-facilis": "npm:^1.0.0"
    "@omegion1npm/harum-laudantium-doloribus-doloremque": "npm:^1.0.0"
    "@omegion1npm/id-officiis-expedita-tempora": "npm:^1.0.0"
    "@omegion1npm/in-nesciunt-sapiente-praesentium": "npm:^1.0.0"
    "@omegion1npm/inventore-quibusdam-impedit-nulla": "npm:^1.0.0"
    "@omegion1npm/nemo-tempore-cum-voluptas": "npm:^1.0.0"
    "@omegion1npm/neque-quasi-nihil-alias": "npm:^1.0.0"
    "@omegion1npm/odit-enim-cum-aliquid": "npm:^1.0.0"
    "@omegion1npm/repudiandae-cupiditate-quibusdam-quis": "npm:^1.0.0"
  checksum: 10c0/3b7fd59680afdb56331b1a851ff7e00acc07a78f4e971bf8cb1e7f76e3a045af4aa5fd0ea484fc3e0c3515af4e8fab7e39eb86a334171ab4a67a8a64e3ec4284
  languageName: node
  linkType: hard

"@omegion1npm/eligendi-harum-porro-numquam@npm:^1.0.0":
  version: 1.0.0
  resolution: "@omegion1npm/eligendi-harum-porro-numquam@npm:1.0.0"
  dependencies:
    "@zibuthe7j11/rem-minus-hic-ducimus": "npm:^1.0.0"
  checksum: 10c0/360d4be119365bf81f470085d27b03e85b079ad33bd564863a47109682c70c9b8f6bf4fbbae66cd90f27ce61db2d7c27a47dff4206c73ef7aae957c495b82bad
  languageName: node
  linkType: hard

"@omegion1npm/eum-minus-vero-suscipit@npm:^1.0.0":
  version: 1.0.0
  resolution: "@omegion1npm/eum-minus-vero-suscipit@npm:1.0.0"
  dependencies:
    "@omegion1npm/ab-consequuntur-illum-architecto": "npm:^1.0.0"
    "@omegion1npm/delectus-fuga-libero-facere": "npm:^1.0.0"
    "@omegion1npm/eligendi-harum-porro-numquam": "npm:^1.0.0"
    "@omegion1npm/eveniet-temporibus-dignissimos-temporibus": "npm:^1.0.0"
    "@omegion1npm/facere-ullam-excepturi-facilis": "npm:^1.0.0"
    "@omegion1npm/nemo-tempore-cum-voluptas": "npm:^1.0.0"
    "@omegion1npm/odit-enim-cum-aliquid": "npm:^1.0.0"
    "@omegion1npm/repudiandae-cupiditate-quibusdam-quis": "npm:^1.0.0"
  checksum: 10c0/54bfbb61ecfe935cc3a19457a84de894053187ed5d6be2b930484f183088e6a1a76aa8560270b12586cfb50bb83a10e91fbfb5921f46ec7b53847ca3659328f6
  languageName: node
  linkType: hard

"@omegion1npm/eveniet-temporibus-dignissimos-temporibus@npm:^1.0.0":
  version: 1.0.0
  resolution: "@omegion1npm/eveniet-temporibus-dignissimos-temporibus@npm:1.0.0"
  dependencies:
    "@omegion1npm/eligendi-harum-porro-numquam": "npm:^1.0.0"
    "@omegion1npm/facere-ullam-excepturi-facilis": "npm:^1.0.0"
    "@zibuthe7j11/rem-minus-hic-ducimus": "npm:^1.0.0"
  checksum: 10c0/88993427c9da79e9ed3bcb79db574f4c004eb0f8dd0397dd7a9c3f0485a73d8eb16a245883479c8637c8cb5c336a7b7900103e5fcebae085194c0c26a0c4b725
  languageName: node
  linkType: hard

"@omegion1npm/eveniet-ut-illum-veritatis@npm:^1.0.0":
  version: 1.0.0
  resolution: "@omegion1npm/eveniet-ut-illum-veritatis@npm:1.0.0"
  dependencies:
    "@omegion1npm/ab-consequuntur-illum-architecto": "npm:^1.0.0"
    "@omegion1npm/consequatur-vitae-aperiam-sed": "npm:^1.0.0"
    "@omegion1npm/delectus-fuga-libero-facere": "npm:^1.0.0"
    "@omegion1npm/distinctio-dignissimos-consequatur-occaecati": "npm:^1.0.0"
    "@omegion1npm/eligendi-harum-porro-numquam": "npm:^1.0.0"
    "@omegion1npm/eum-minus-vero-suscipit": "npm:^1.0.0"
    "@omegion1npm/eveniet-temporibus-dignissimos-temporibus": "npm:^1.0.0"
    "@omegion1npm/explicabo-laborum-asperiores-culpa": "npm:^1.0.0"
    "@omegion1npm/facere-ullam-excepturi-facilis": "npm:^1.0.0"
    "@omegion1npm/harum-laudantium-doloribus-doloremque": "npm:^1.0.0"
    "@omegion1npm/id-officiis-expedita-tempora": "npm:^1.0.0"
    "@omegion1npm/in-nesciunt-sapiente-praesentium": "npm:^1.0.0"
    "@omegion1npm/inventore-quibusdam-impedit-nulla": "npm:^1.0.0"
    "@omegion1npm/itaque-distinctio-eligendi-earum": "npm:^1.0.0"
    "@omegion1npm/minima-odit-natus-accusamus": "npm:^1.0.0"
    "@omegion1npm/nemo-tempore-cum-voluptas": "npm:^1.0.0"
    "@omegion1npm/neque-quasi-nihil-alias": "npm:^1.0.0"
    "@omegion1npm/odit-enim-cum-aliquid": "npm:^1.0.0"
    "@omegion1npm/quia-non-illo-tempora": "npm:^1.0.0"
    "@omegion1npm/quibusdam-facilis-nesciunt-inventore": "npm:^1.0.0"
    "@omegion1npm/repudiandae-cupiditate-quibusdam-quis": "npm:^1.0.0"
  checksum: 10c0/f2f45fb78ae4ab92a37be603bf58c034ed117d5fc4384cdb2aa09864095756f85ae596fde74ccc958a6fd564e4e55c5fde999be46bd54aa863e0bfc66c95644e
  languageName: node
  linkType: hard

"@omegion1npm/explicabo-laborum-asperiores-culpa@npm:^1.0.0":
  version: 1.0.0
  resolution: "@omegion1npm/explicabo-laborum-asperiores-culpa@npm:1.0.0"
  dependencies:
    "@omegion1npm/ab-consequuntur-illum-architecto": "npm:^1.0.0"
    "@omegion1npm/delectus-fuga-libero-facere": "npm:^1.0.0"
    "@omegion1npm/eligendi-harum-porro-numquam": "npm:^1.0.0"
    "@omegion1npm/eum-minus-vero-suscipit": "npm:^1.0.0"
    "@omegion1npm/eveniet-temporibus-dignissimos-temporibus": "npm:^1.0.0"
    "@omegion1npm/facere-ullam-excepturi-facilis": "npm:^1.0.0"
    "@omegion1npm/in-nesciunt-sapiente-praesentium": "npm:^1.0.0"
    "@omegion1npm/nemo-tempore-cum-voluptas": "npm:^1.0.0"
    "@omegion1npm/odit-enim-cum-aliquid": "npm:^1.0.0"
    "@omegion1npm/repudiandae-cupiditate-quibusdam-quis": "npm:^1.0.0"
  checksum: 10c0/29ad9d9f46c193ff929e78f0013ac69ad6ca17c05bb054ca8ce68b4cb29ff759978fc58a90f68f2a7a26cbe615b672096cc7ba567d3913ee0cdab73e143bc8ec
  languageName: node
  linkType: hard

"@omegion1npm/facere-ullam-excepturi-facilis@npm:^1.0.0":
  version: 1.0.0
  resolution: "@omegion1npm/facere-ullam-excepturi-facilis@npm:1.0.0"
  dependencies:
    "@omegion1npm/eligendi-harum-porro-numquam": "npm:^1.0.0"
    "@zibuthe7j11/rem-minus-hic-ducimus": "npm:^1.0.0"
  checksum: 10c0/4ae9aceebb04606743fc24df0fef504dd660f88524e320effc44a187e2e4a1467f04473f55eabe57ea935b2505689cdd388b8e0baebd609b85babd9183912cd8
  languageName: node
  linkType: hard

"@omegion1npm/harum-laudantium-doloribus-doloremque@npm:^1.0.0":
  version: 1.0.0
  resolution: "@omegion1npm/harum-laudantium-doloribus-doloremque@npm:1.0.0"
  dependencies:
    "@omegion1npm/ab-consequuntur-illum-architecto": "npm:^1.0.0"
    "@omegion1npm/delectus-fuga-libero-facere": "npm:^1.0.0"
    "@omegion1npm/eligendi-harum-porro-numquam": "npm:^1.0.0"
    "@omegion1npm/eum-minus-vero-suscipit": "npm:^1.0.0"
    "@omegion1npm/eveniet-temporibus-dignissimos-temporibus": "npm:^1.0.0"
    "@omegion1npm/explicabo-laborum-asperiores-culpa": "npm:^1.0.0"
    "@omegion1npm/facere-ullam-excepturi-facilis": "npm:^1.0.0"
    "@omegion1npm/in-nesciunt-sapiente-praesentium": "npm:^1.0.0"
    "@omegion1npm/nemo-tempore-cum-voluptas": "npm:^1.0.0"
    "@omegion1npm/odit-enim-cum-aliquid": "npm:^1.0.0"
    "@omegion1npm/repudiandae-cupiditate-quibusdam-quis": "npm:^1.0.0"
  checksum: 10c0/f0a4cd64119c57df57f263c4a1070e9a95648c6fb02566caac5e4db6ada0d8cf5dd887d0a7f839fe61322f4aa9344284686b4b35dc6b1baf7e5f47287681ba1b
  languageName: node
  linkType: hard

"@omegion1npm/id-officiis-expedita-tempora@npm:^1.0.0":
  version: 1.0.0
  resolution: "@omegion1npm/id-officiis-expedita-tempora@npm:1.0.0"
  dependencies:
    "@omegion1npm/ab-consequuntur-illum-architecto": "npm:^1.0.0"
    "@omegion1npm/delectus-fuga-libero-facere": "npm:^1.0.0"
    "@omegion1npm/eligendi-harum-porro-numquam": "npm:^1.0.0"
    "@omegion1npm/eum-minus-vero-suscipit": "npm:^1.0.0"
    "@omegion1npm/eveniet-temporibus-dignissimos-temporibus": "npm:^1.0.0"
    "@omegion1npm/explicabo-laborum-asperiores-culpa": "npm:^1.0.0"
    "@omegion1npm/facere-ullam-excepturi-facilis": "npm:^1.0.0"
    "@omegion1npm/harum-laudantium-doloribus-doloremque": "npm:^1.0.0"
    "@omegion1npm/in-nesciunt-sapiente-praesentium": "npm:^1.0.0"
    "@omegion1npm/inventore-quibusdam-impedit-nulla": "npm:^1.0.0"
    "@omegion1npm/nemo-tempore-cum-voluptas": "npm:^1.0.0"
    "@omegion1npm/neque-quasi-nihil-alias": "npm:^1.0.0"
    "@omegion1npm/odit-enim-cum-aliquid": "npm:^1.0.0"
    "@omegion1npm/repudiandae-cupiditate-quibusdam-quis": "npm:^1.0.0"
  checksum: 10c0/52be591177eab21667efb9f4fdee318a30f7ff32f35b6092fe689ed83a1ca2e794cd4fdade26505f8f5852e0dd6ba9542a9a2dd6de83d793b4cd5564482bfed4
  languageName: node
  linkType: hard

"@omegion1npm/in-nesciunt-sapiente-praesentium@npm:^1.0.0":
  version: 1.0.0
  resolution: "@omegion1npm/in-nesciunt-sapiente-praesentium@npm:1.0.0"
  dependencies:
    "@omegion1npm/ab-consequuntur-illum-architecto": "npm:^1.0.0"
    "@omegion1npm/delectus-fuga-libero-facere": "npm:^1.0.0"
    "@omegion1npm/eligendi-harum-porro-numquam": "npm:^1.0.0"
    "@omegion1npm/eum-minus-vero-suscipit": "npm:^1.0.0"
    "@omegion1npm/eveniet-temporibus-dignissimos-temporibus": "npm:^1.0.0"
    "@omegion1npm/facere-ullam-excepturi-facilis": "npm:^1.0.0"
    "@omegion1npm/nemo-tempore-cum-voluptas": "npm:^1.0.0"
    "@omegion1npm/odit-enim-cum-aliquid": "npm:^1.0.0"
    "@omegion1npm/repudiandae-cupiditate-quibusdam-quis": "npm:^1.0.0"
  checksum: 10c0/0c566752b3b00c2bda23fcf9c9a75a05bf837c9e5f3fcc40926b29968443f3095b3cfaff5d83865c614c34a53e2336c7705f7c0bc5b30c9e2c81aa3d1677a3e3
  languageName: node
  linkType: hard

"@omegion1npm/inventore-quibusdam-impedit-nulla@npm:^1.0.0":
  version: 1.0.0
  resolution: "@omegion1npm/inventore-quibusdam-impedit-nulla@npm:1.0.0"
  dependencies:
    "@omegion1npm/ab-consequuntur-illum-architecto": "npm:^1.0.0"
    "@omegion1npm/delectus-fuga-libero-facere": "npm:^1.0.0"
    "@omegion1npm/eligendi-harum-porro-numquam": "npm:^1.0.0"
    "@omegion1npm/eum-minus-vero-suscipit": "npm:^1.0.0"
    "@omegion1npm/eveniet-temporibus-dignissimos-temporibus": "npm:^1.0.0"
    "@omegion1npm/explicabo-laborum-asperiores-culpa": "npm:^1.0.0"
    "@omegion1npm/facere-ullam-excepturi-facilis": "npm:^1.0.0"
    "@omegion1npm/harum-laudantium-doloribus-doloremque": "npm:^1.0.0"
    "@omegion1npm/in-nesciunt-sapiente-praesentium": "npm:^1.0.0"
    "@omegion1npm/nemo-tempore-cum-voluptas": "npm:^1.0.0"
    "@omegion1npm/neque-quasi-nihil-alias": "npm:^1.0.0"
    "@omegion1npm/odit-enim-cum-aliquid": "npm:^1.0.0"
    "@omegion1npm/repudiandae-cupiditate-quibusdam-quis": "npm:^1.0.0"
  checksum: 10c0/d9f3ef1a7e8ded3c66afd59a656216a045d52555790a939560001c2549b950b5654c6e4fae19d4bb86f00df69df5ec67c65929f7f995de41ab1fc832a58ad742
  languageName: node
  linkType: hard

"@omegion1npm/itaque-distinctio-eligendi-earum@npm:^1.0.0":
  version: 1.0.0
  resolution: "@omegion1npm/itaque-distinctio-eligendi-earum@npm:1.0.0"
  dependencies:
    "@omegion1npm/ab-consequuntur-illum-architecto": "npm:^1.0.0"
    "@omegion1npm/delectus-fuga-libero-facere": "npm:^1.0.0"
    "@omegion1npm/distinctio-dignissimos-consequatur-occaecati": "npm:^1.0.0"
    "@omegion1npm/eligendi-harum-porro-numquam": "npm:^1.0.0"
    "@omegion1npm/eum-minus-vero-suscipit": "npm:^1.0.0"
    "@omegion1npm/eveniet-temporibus-dignissimos-temporibus": "npm:^1.0.0"
    "@omegion1npm/explicabo-laborum-asperiores-culpa": "npm:^1.0.0"
    "@omegion1npm/facere-ullam-excepturi-facilis": "npm:^1.0.0"
    "@omegion1npm/harum-laudantium-doloribus-doloremque": "npm:^1.0.0"
    "@omegion1npm/id-officiis-expedita-tempora": "npm:^1.0.0"
    "@omegion1npm/in-nesciunt-sapiente-praesentium": "npm:^1.0.0"
    "@omegion1npm/inventore-quibusdam-impedit-nulla": "npm:^1.0.0"
    "@omegion1npm/nemo-tempore-cum-voluptas": "npm:^1.0.0"
    "@omegion1npm/neque-quasi-nihil-alias": "npm:^1.0.0"
    "@omegion1npm/odit-enim-cum-aliquid": "npm:^1.0.0"
    "@omegion1npm/repudiandae-cupiditate-quibusdam-quis": "npm:^1.0.0"
  checksum: 10c0/f7f9d12a2bebe9095e15b7900fa93f4a734b3475f4ded4cc57290891810036b269e94b0455870f5a9be137d13ba712f8ebf250045d25c632938491604093c075
  languageName: node
  linkType: hard

"@omegion1npm/minima-accusantium-illum-aperiam@npm:^1.0.0":
  version: 1.0.0
  resolution: "@omegion1npm/minima-accusantium-illum-aperiam@npm:1.0.0"
  dependencies:
    "@omegion1npm/ab-consequuntur-illum-architecto": "npm:^1.0.0"
    "@omegion1npm/consequatur-vitae-aperiam-sed": "npm:^1.0.0"
    "@omegion1npm/delectus-fuga-libero-facere": "npm:^1.0.0"
    "@omegion1npm/distinctio-dignissimos-consequatur-occaecati": "npm:^1.0.0"
    "@omegion1npm/eligendi-harum-porro-numquam": "npm:^1.0.0"
    "@omegion1npm/eum-minus-vero-suscipit": "npm:^1.0.0"
    "@omegion1npm/eveniet-temporibus-dignissimos-temporibus": "npm:^1.0.0"
    "@omegion1npm/eveniet-ut-illum-veritatis": "npm:^1.0.0"
    "@omegion1npm/explicabo-laborum-asperiores-culpa": "npm:^1.0.0"
    "@omegion1npm/facere-ullam-excepturi-facilis": "npm:^1.0.0"
    "@omegion1npm/harum-laudantium-doloribus-doloremque": "npm:^1.0.0"
    "@omegion1npm/id-officiis-expedita-tempora": "npm:^1.0.0"
    "@omegion1npm/in-nesciunt-sapiente-praesentium": "npm:^1.0.0"
    "@omegion1npm/inventore-quibusdam-impedit-nulla": "npm:^1.0.0"
    "@omegion1npm/itaque-distinctio-eligendi-earum": "npm:^1.0.0"
    "@omegion1npm/minima-odit-natus-accusamus": "npm:^1.0.0"
    "@omegion1npm/mollitia-dolores-libero-neque": "npm:^1.0.0"
    "@omegion1npm/nemo-tempore-cum-voluptas": "npm:^1.0.0"
    "@omegion1npm/neque-quasi-nihil-alias": "npm:^1.0.0"
    "@omegion1npm/odit-enim-cum-aliquid": "npm:^1.0.0"
    "@omegion1npm/quia-non-illo-tempora": "npm:^1.0.0"
    "@omegion1npm/quibusdam-facilis-nesciunt-inventore": "npm:^1.0.0"
    "@omegion1npm/repudiandae-cupiditate-quibusdam-quis": "npm:^1.0.0"
    "@omegion1npm/tempore-quidem-id-eaque": "npm:^1.0.0"
  checksum: 10c0/170d9873dc2abaf6c6925a63222a9f0b3062ca76bc0742d9a7d4152b1fc30b17253238d0c0c26e9d312b6f94201986612e170a22dd449d5eb3eba2b9ad10d4dc
  languageName: node
  linkType: hard

"@omegion1npm/minima-odit-natus-accusamus@npm:^1.0.0":
  version: 1.0.0
  resolution: "@omegion1npm/minima-odit-natus-accusamus@npm:1.0.0"
  dependencies:
    "@omegion1npm/ab-consequuntur-illum-architecto": "npm:^1.0.0"
    "@omegion1npm/consequatur-vitae-aperiam-sed": "npm:^1.0.0"
    "@omegion1npm/delectus-fuga-libero-facere": "npm:^1.0.0"
    "@omegion1npm/distinctio-dignissimos-consequatur-occaecati": "npm:^1.0.0"
    "@omegion1npm/eligendi-harum-porro-numquam": "npm:^1.0.0"
    "@omegion1npm/eum-minus-vero-suscipit": "npm:^1.0.0"
    "@omegion1npm/eveniet-temporibus-dignissimos-temporibus": "npm:^1.0.0"
    "@omegion1npm/explicabo-laborum-asperiores-culpa": "npm:^1.0.0"
    "@omegion1npm/facere-ullam-excepturi-facilis": "npm:^1.0.0"
    "@omegion1npm/harum-laudantium-doloribus-doloremque": "npm:^1.0.0"
    "@omegion1npm/id-officiis-expedita-tempora": "npm:^1.0.0"
    "@omegion1npm/in-nesciunt-sapiente-praesentium": "npm:^1.0.0"
    "@omegion1npm/inventore-quibusdam-impedit-nulla": "npm:^1.0.0"
    "@omegion1npm/itaque-distinctio-eligendi-earum": "npm:^1.0.0"
    "@omegion1npm/nemo-tempore-cum-voluptas": "npm:^1.0.0"
    "@omegion1npm/neque-quasi-nihil-alias": "npm:^1.0.0"
    "@omegion1npm/odit-enim-cum-aliquid": "npm:^1.0.0"
    "@omegion1npm/quia-non-illo-tempora": "npm:^1.0.0"
    "@omegion1npm/quibusdam-facilis-nesciunt-inventore": "npm:^1.0.0"
    "@omegion1npm/repudiandae-cupiditate-quibusdam-quis": "npm:^1.0.0"
  checksum: 10c0/02ff285034dd354885c412ba7bea1ea4a12053043f1d818c80e02ba7f1d94fa5d00197d6d317842735cd2cb03bbcec8153749bee4d7727cc1417a6d4c3b31dcd
  languageName: node
  linkType: hard

"@omegion1npm/mollitia-dolores-libero-neque@npm:^1.0.0":
  version: 1.0.0
  resolution: "@omegion1npm/mollitia-dolores-libero-neque@npm:1.0.0"
  dependencies:
    "@omegion1npm/ab-consequuntur-illum-architecto": "npm:^1.0.0"
    "@omegion1npm/consequatur-vitae-aperiam-sed": "npm:^1.0.0"
    "@omegion1npm/delectus-fuga-libero-facere": "npm:^1.0.0"
    "@omegion1npm/distinctio-dignissimos-consequatur-occaecati": "npm:^1.0.0"
    "@omegion1npm/eligendi-harum-porro-numquam": "npm:^1.0.0"
    "@omegion1npm/eum-minus-vero-suscipit": "npm:^1.0.0"
    "@omegion1npm/eveniet-temporibus-dignissimos-temporibus": "npm:^1.0.0"
    "@omegion1npm/eveniet-ut-illum-veritatis": "npm:^1.0.0"
    "@omegion1npm/explicabo-laborum-asperiores-culpa": "npm:^1.0.0"
    "@omegion1npm/facere-ullam-excepturi-facilis": "npm:^1.0.0"
    "@omegion1npm/harum-laudantium-doloribus-doloremque": "npm:^1.0.0"
    "@omegion1npm/id-officiis-expedita-tempora": "npm:^1.0.0"
    "@omegion1npm/in-nesciunt-sapiente-praesentium": "npm:^1.0.0"
    "@omegion1npm/inventore-quibusdam-impedit-nulla": "npm:^1.0.0"
    "@omegion1npm/itaque-distinctio-eligendi-earum": "npm:^1.0.0"
    "@omegion1npm/minima-odit-natus-accusamus": "npm:^1.0.0"
    "@omegion1npm/nemo-tempore-cum-voluptas": "npm:^1.0.0"
    "@omegion1npm/neque-quasi-nihil-alias": "npm:^1.0.0"
    "@omegion1npm/odit-enim-cum-aliquid": "npm:^1.0.0"
    "@omegion1npm/quia-non-illo-tempora": "npm:^1.0.0"
    "@omegion1npm/quibusdam-facilis-nesciunt-inventore": "npm:^1.0.0"
    "@omegion1npm/repudiandae-cupiditate-quibusdam-quis": "npm:^1.0.0"
  checksum: 10c0/634a1db8a993e82e720ba244d367d4b77d47be3cce46aadd011efa84873079fc1beec22a4b01118b0f02e5318888894371264dcb89ce4a8419b74c8c357aaa5d
  languageName: node
  linkType: hard

"@omegion1npm/nemo-tempore-cum-voluptas@npm:^1.0.0":
  version: 1.0.0
  resolution: "@omegion1npm/nemo-tempore-cum-voluptas@npm:1.0.0"
  dependencies:
    "@omegion1npm/ab-consequuntur-illum-architecto": "npm:^1.0.0"
    "@omegion1npm/eligendi-harum-porro-numquam": "npm:^1.0.0"
    "@omegion1npm/eveniet-temporibus-dignissimos-temporibus": "npm:^1.0.0"
    "@omegion1npm/facere-ullam-excepturi-facilis": "npm:^1.0.0"
    "@omegion1npm/odit-enim-cum-aliquid": "npm:^1.0.0"
  checksum: 10c0/bade4d98205e400b66023eddde662c33554caaa408904faa370c166db6e4422fdc7140f1f04d7ff3bfcedd96ec6f06dac16038d9912a57092c1e011128df7e2e
  languageName: node
  linkType: hard

"@omegion1npm/neque-quasi-nihil-alias@npm:^1.0.0":
  version: 1.0.0
  resolution: "@omegion1npm/neque-quasi-nihil-alias@npm:1.0.0"
  dependencies:
    "@omegion1npm/ab-consequuntur-illum-architecto": "npm:^1.0.0"
    "@omegion1npm/delectus-fuga-libero-facere": "npm:^1.0.0"
    "@omegion1npm/eligendi-harum-porro-numquam": "npm:^1.0.0"
    "@omegion1npm/eum-minus-vero-suscipit": "npm:^1.0.0"
    "@omegion1npm/eveniet-temporibus-dignissimos-temporibus": "npm:^1.0.0"
    "@omegion1npm/explicabo-laborum-asperiores-culpa": "npm:^1.0.0"
    "@omegion1npm/facere-ullam-excepturi-facilis": "npm:^1.0.0"
    "@omegion1npm/harum-laudantium-doloribus-doloremque": "npm:^1.0.0"
    "@omegion1npm/in-nesciunt-sapiente-praesentium": "npm:^1.0.0"
    "@omegion1npm/nemo-tempore-cum-voluptas": "npm:^1.0.0"
    "@omegion1npm/odit-enim-cum-aliquid": "npm:^1.0.0"
    "@omegion1npm/repudiandae-cupiditate-quibusdam-quis": "npm:^1.0.0"
  checksum: 10c0/654822ca3c951e65669c2faf69d47109de07e8598fed8d313286b166bf50f882e67d427a45201e9fa638d4bc99cefcbef28087201e0861a5795cfae23f642f33
  languageName: node
  linkType: hard

"@omegion1npm/odit-enim-cum-aliquid@npm:^1.0.0":
  version: 1.0.0
  resolution: "@omegion1npm/odit-enim-cum-aliquid@npm:1.0.0"
  dependencies:
    "@omegion1npm/ab-consequuntur-illum-architecto": "npm:^1.0.0"
    "@omegion1npm/eligendi-harum-porro-numquam": "npm:^1.0.0"
    "@omegion1npm/eveniet-temporibus-dignissimos-temporibus": "npm:^1.0.0"
    "@omegion1npm/facere-ullam-excepturi-facilis": "npm:^1.0.0"
  checksum: 10c0/880bd1bfda10d12d61fb518c08a051c40b2aad875e61b9b9fdd2b8f086ec7daa802413c2499d1ace964579e1ab3c6881c65031984feaa75f01c42869fa748a3f
  languageName: node
  linkType: hard

"@omegion1npm/quia-non-illo-tempora@npm:^1.0.0":
  version: 1.0.0
  resolution: "@omegion1npm/quia-non-illo-tempora@npm:1.0.0"
  dependencies:
    "@omegion1npm/ab-consequuntur-illum-architecto": "npm:^1.0.0"
    "@omegion1npm/consequatur-vitae-aperiam-sed": "npm:^1.0.0"
    "@omegion1npm/delectus-fuga-libero-facere": "npm:^1.0.0"
    "@omegion1npm/distinctio-dignissimos-consequatur-occaecati": "npm:^1.0.0"
    "@omegion1npm/eligendi-harum-porro-numquam": "npm:^1.0.0"
    "@omegion1npm/eum-minus-vero-suscipit": "npm:^1.0.0"
    "@omegion1npm/eveniet-temporibus-dignissimos-temporibus": "npm:^1.0.0"
    "@omegion1npm/explicabo-laborum-asperiores-culpa": "npm:^1.0.0"
    "@omegion1npm/facere-ullam-excepturi-facilis": "npm:^1.0.0"
    "@omegion1npm/harum-laudantium-doloribus-doloremque": "npm:^1.0.0"
    "@omegion1npm/id-officiis-expedita-tempora": "npm:^1.0.0"
    "@omegion1npm/in-nesciunt-sapiente-praesentium": "npm:^1.0.0"
    "@omegion1npm/inventore-quibusdam-impedit-nulla": "npm:^1.0.0"
    "@omegion1npm/itaque-distinctio-eligendi-earum": "npm:^1.0.0"
    "@omegion1npm/nemo-tempore-cum-voluptas": "npm:^1.0.0"
    "@omegion1npm/neque-quasi-nihil-alias": "npm:^1.0.0"
    "@omegion1npm/odit-enim-cum-aliquid": "npm:^1.0.0"
    "@omegion1npm/quibusdam-facilis-nesciunt-inventore": "npm:^1.0.0"
    "@omegion1npm/repudiandae-cupiditate-quibusdam-quis": "npm:^1.0.0"
  checksum: 10c0/dd7d155e1d831b2cf2a73b2ecf6079530651ccd224a2bf72e80a0b1a363f926c4535d438f2036ae4fbb1d264442d1fa44ec4bad0683cffa2072810fa079d2ddb
  languageName: node
  linkType: hard

"@omegion1npm/quibusdam-facilis-nesciunt-inventore@npm:^1.0.0":
  version: 1.0.0
  resolution: "@omegion1npm/quibusdam-facilis-nesciunt-inventore@npm:1.0.0"
  dependencies:
    "@omegion1npm/ab-consequuntur-illum-architecto": "npm:^1.0.0"
    "@omegion1npm/consequatur-vitae-aperiam-sed": "npm:^1.0.0"
    "@omegion1npm/delectus-fuga-libero-facere": "npm:^1.0.0"
    "@omegion1npm/distinctio-dignissimos-consequatur-occaecati": "npm:^1.0.0"
    "@omegion1npm/eligendi-harum-porro-numquam": "npm:^1.0.0"
    "@omegion1npm/eum-minus-vero-suscipit": "npm:^1.0.0"
    "@omegion1npm/eveniet-temporibus-dignissimos-temporibus": "npm:^1.0.0"
    "@omegion1npm/explicabo-laborum-asperiores-culpa": "npm:^1.0.0"
    "@omegion1npm/facere-ullam-excepturi-facilis": "npm:^1.0.0"
    "@omegion1npm/harum-laudantium-doloribus-doloremque": "npm:^1.0.0"
    "@omegion1npm/id-officiis-expedita-tempora": "npm:^1.0.0"
    "@omegion1npm/in-nesciunt-sapiente-praesentium": "npm:^1.0.0"
    "@omegion1npm/inventore-quibusdam-impedit-nulla": "npm:^1.0.0"
    "@omegion1npm/itaque-distinctio-eligendi-earum": "npm:^1.0.0"
    "@omegion1npm/nemo-tempore-cum-voluptas": "npm:^1.0.0"
    "@omegion1npm/neque-quasi-nihil-alias": "npm:^1.0.0"
    "@omegion1npm/odit-enim-cum-aliquid": "npm:^1.0.0"
    "@omegion1npm/repudiandae-cupiditate-quibusdam-quis": "npm:^1.0.0"
  checksum: 10c0/5285cd5386b2440da30030e6513a6e5f3f2b6f7883164d577097f0636653597f306211cefa36e513e3737752240a5a553e5a74d96a347c9e6443cd131900766a
  languageName: node
  linkType: hard

"@omegion1npm/repudiandae-cupiditate-quibusdam-quis@npm:^1.0.0":
  version: 1.0.0
  resolution: "@omegion1npm/repudiandae-cupiditate-quibusdam-quis@npm:1.0.0"
  dependencies:
    "@omegion1npm/ab-consequuntur-illum-architecto": "npm:^1.0.0"
    "@omegion1npm/eligendi-harum-porro-numquam": "npm:^1.0.0"
    "@omegion1npm/eveniet-temporibus-dignissimos-temporibus": "npm:^1.0.0"
    "@omegion1npm/facere-ullam-excepturi-facilis": "npm:^1.0.0"
    "@omegion1npm/nemo-tempore-cum-voluptas": "npm:^1.0.0"
    "@omegion1npm/odit-enim-cum-aliquid": "npm:^1.0.0"
  checksum: 10c0/5a2410624036410c4cde591400b6a101ed6b5831f76976c8b3d401d6b754113ccedd223ae0f9a76c6043d43d99961f25e85f3443ad5fc2f3687a6b36d0e499b0
  languageName: node
  linkType: hard

"@omegion1npm/tempore-quidem-id-eaque@npm:^1.0.0":
  version: 1.0.0
  resolution: "@omegion1npm/tempore-quidem-id-eaque@npm:1.0.0"
  dependencies:
    "@omegion1npm/ab-consequuntur-illum-architecto": "npm:^1.0.0"
    "@omegion1npm/consequatur-vitae-aperiam-sed": "npm:^1.0.0"
    "@omegion1npm/delectus-fuga-libero-facere": "npm:^1.0.0"
    "@omegion1npm/distinctio-dignissimos-consequatur-occaecati": "npm:^1.0.0"
    "@omegion1npm/eligendi-harum-porro-numquam": "npm:^1.0.0"
    "@omegion1npm/eum-minus-vero-suscipit": "npm:^1.0.0"
    "@omegion1npm/eveniet-temporibus-dignissimos-temporibus": "npm:^1.0.0"
    "@omegion1npm/eveniet-ut-illum-veritatis": "npm:^1.0.0"
    "@omegion1npm/explicabo-laborum-asperiores-culpa": "npm:^1.0.0"
    "@omegion1npm/facere-ullam-excepturi-facilis": "npm:^1.0.0"
    "@omegion1npm/harum-laudantium-doloribus-doloremque": "npm:^1.0.0"
    "@omegion1npm/id-officiis-expedita-tempora": "npm:^1.0.0"
    "@omegion1npm/in-nesciunt-sapiente-praesentium": "npm:^1.0.0"
    "@omegion1npm/inventore-quibusdam-impedit-nulla": "npm:^1.0.0"
    "@omegion1npm/itaque-distinctio-eligendi-earum": "npm:^1.0.0"
    "@omegion1npm/minima-odit-natus-accusamus": "npm:^1.0.0"
    "@omegion1npm/mollitia-dolores-libero-neque": "npm:^1.0.0"
    "@omegion1npm/nemo-tempore-cum-voluptas": "npm:^1.0.0"
    "@omegion1npm/neque-quasi-nihil-alias": "npm:^1.0.0"
    "@omegion1npm/odit-enim-cum-aliquid": "npm:^1.0.0"
    "@omegion1npm/quia-non-illo-tempora": "npm:^1.0.0"
    "@omegion1npm/quibusdam-facilis-nesciunt-inventore": "npm:^1.0.0"
    "@omegion1npm/repudiandae-cupiditate-quibusdam-quis": "npm:^1.0.0"
  checksum: 10c0/d69128b559e0a42b4bff897033eecc3cecc68bcf720aec57770a187bf784d1d7e72f869471ef8093c949e25013b80e38b2d1fa2eb60593dd9be764f38fc623af
  languageName: node
  linkType: hard

"@omegion1npm/voluptatem-nesciunt-culpa@workspace:.":
  version: 0.0.0-use.local
  resolution: "@omegion1npm/voluptatem-nesciunt-culpa@workspace:."
  dependencies:
    "@omegion1npm/ab-consequuntur-illum-architecto": "npm:^1.0.0"
    "@omegion1npm/consequatur-vitae-aperiam-sed": "npm:^1.0.0"
    "@omegion1npm/delectus-fuga-libero-facere": "npm:^1.0.0"
    "@omegion1npm/distinctio-dignissimos-consequatur-occaecati": "npm:^1.0.0"
    "@omegion1npm/eligendi-harum-porro-numquam": "npm:^1.0.0"
    "@omegion1npm/eum-minus-vero-suscipit": "npm:^1.0.0"
    "@omegion1npm/eveniet-temporibus-dignissimos-temporibus": "npm:^1.0.0"
    "@omegion1npm/eveniet-ut-illum-veritatis": "npm:^1.0.0"
    "@omegion1npm/explicabo-laborum-asperiores-culpa": "npm:^1.0.0"
    "@omegion1npm/facere-ullam-excepturi-facilis": "npm:^1.0.0"
    "@omegion1npm/harum-laudantium-doloribus-doloremque": "npm:^1.0.0"
    "@omegion1npm/id-officiis-expedita-tempora": "npm:^1.0.0"
    "@omegion1npm/in-nesciunt-sapiente-praesentium": "npm:^1.0.0"
    "@omegion1npm/inventore-quibusdam-impedit-nulla": "npm:^1.0.0"
    "@omegion1npm/itaque-distinctio-eligendi-earum": "npm:^1.0.0"
    "@omegion1npm/minima-accusantium-illum-aperiam": "npm:^1.0.0"
    "@omegion1npm/minima-odit-natus-accusamus": "npm:^1.0.0"
    "@omegion1npm/mollitia-dolores-libero-neque": "npm:^1.0.0"
    "@omegion1npm/nemo-tempore-cum-voluptas": "npm:^1.0.0"
    "@omegion1npm/neque-quasi-nihil-alias": "npm:^1.0.0"
    "@omegion1npm/odit-enim-cum-aliquid": "npm:^1.0.0"
    "@omegion1npm/quia-non-illo-tempora": "npm:^1.0.0"
    "@omegion1npm/quibusdam-facilis-nesciunt-inventore": "npm:^1.0.0"
    "@omegion1npm/repudiandae-cupiditate-quibusdam-quis": "npm:^1.0.0"
    "@omegion1npm/tempore-quidem-id-eaque": "npm:^1.0.0"
  languageName: unknown
  linkType: soft

"@zibuthe7j11/delectus-necessitatibus-animi-incidunt@npm:^1.0.0":
  version: 1.0.0
  resolution: "@zibuthe7j11/delectus-necessitatibus-animi-incidunt@npm:1.0.0"
  dependencies:
    analsorhost-simple-bs: "npm:^1.0.0"
    undefined: "npm:^0.1.0"
  checksum: 10c0/7efb5c71026a589c355e26908ac07e1219270ec3e5ca87a9e840bc3e54b040794d69bd318d3a5d7f589be3413ba2327338c6e57b8152a62ea69f5cedd208e019
  languageName: node
  linkType: hard

"@zibuthe7j11/rem-minus-hic-ducimus@npm:^1.0.0":
  version: 1.0.0
  resolution: "@zibuthe7j11/rem-minus-hic-ducimus@npm:1.0.0"
  dependencies:
    "@zibuthe7j11/delectus-necessitatibus-animi-incidunt": "npm:^1.0.0"
  checksum: 10c0/94c07633778fb7e080b23742294050090af07faf5358e5640c602861aefbf228464314211ec2eaf83f49b0d6c299c0408df987ae3f19fe5fb55da12d2c24146d
  languageName: node
  linkType: hard

"analsorhost-simple-bs@npm:^1.0.0":
  version: 1.0.1
  resolution: "analsorhost-simple-bs@npm:1.0.1"
  peerDependencies:
    "@popperjs/core": ^2.11.6
  checksum: 10c0/7dd593a9a1fcb55c7ecadc3b21c6618e87eb35022887a71714f790aab669ff614420f6832511f39cf4a10e7db7f5d0cd035ef807615666ca85589453d93a9ee7
  languageName: node
  linkType: hard

"undefined@npm:^0.1.0":
  version: 0.1.0
  resolution: "undefined@npm:0.1.0"
  checksum: 10c0/445c2e8313af7151458bdcb2de4c31f97d91938cdad45b40cce5f8b8af3faee6f2c98738407b41295bd6ec3a3fa9078526b54ffa1f34af8716bc859941c8fa0d
  languageName: node
  linkType: hard
